
Microsoft Visual Studio Solution File, Format Version 12.00
# Visual Studio Version 17
VisualStudioVersion = 17.13.35806.99
MinimumVisualStudioVersion = 10.0.40219.1
Project("{FAE04EC0-301F-11D3-BF4B-00C04F79EFBC}") = "PointOfSaleSystem", "PointOfSaleSystem\PointOfSaleSystem.csproj", "{E128EB41-34D6-4AAC-96F6-CF665517E50A}"
EndProject
Global
	GlobalSection(SolutionConfigurationPlatforms) = preSolution
		Debug|Any CPU = Debug|Any CPU
		Release|Any CPU = Release|Any CPU
	EndGlobalSection
	GlobalSection(ProjectConfigurationPlatforms) = postSolution
		{E128EB41-34D6-4AAC-96F6-CF665517E50A}.Debug|Any CPU.ActiveCfg = Debug|Any CPU
		{E128EB41-34D6-4AAC-96F6-CF665517E50A}.Debug|Any CPU.Build.0 = Debug|Any CPU
		{E128EB41-34D6-4AAC-96F6-CF665517E50A}.Release|Any CPU.ActiveCfg = Release|Any CPU
		{E128EB41-34D6-4AAC-96F6-CF665517E50A}.Release|Any CPU.Build.0 = Release|Any CPU
	EndGlobalSection
	GlobalSection(SolutionProperties) = preSolution
		HideSolutionNode = FALSE
	EndGlobalSection
	GlobalSection(ExtensibilityGlobals) = postSolution
		SolutionGuid = {F96BFA5A-E3E8-41D3-91B1-A3C30F4E1E4A}
	EndGlobalSection
EndGlobal
